Microsoft Visual Studio Solution File, Format Version 11.00
# Visual Studio 2008

Project("{B563FDA2-2BD7-6D8D-C5F4-30488BDB61B4}") = "usfq.fingergesture", "Assembly-CSharp-firstpass-vs.csproj", "{EB9ABB89-7B1C-8D19-8CA9-92FBCBDA228E}"
EndProject
Project("{B563FDA2-2BD7-6D8D-C5F4-30488BDB61B4}") = "usfq.fingergesture", "Assembly-CSharp-vs.csproj", "{44957378-2506-5B92-5267-4C71A7815E90}"
EndProject
Project("{B563FDA2-2BD7-6D8D-C5F4-30488BDB61B4}") = "usfq.fingergesture", "Assembly-CSharp-Editor-vs.csproj", "{5C258912-3665-7EAD-4D67-1823EBE318EF}"
EndProject
Global
	GlobalSection(SolutionConfigurationPlatforms) = preSolution
		Debug|Any CPU = Debug|Any CPU
		Release|Any CPU = Release|Any CPU
	EndGlobalSection
	GlobalSection(ProjectConfigurationPlatforms) = postSolution
		{EB9ABB89-7B1C-8D19-8CA9-92FBCBDA228E}.Debug|Any CPU.ActiveCfg = Debug|Any CPU
		{EB9ABB89-7B1C-8D19-8CA9-92FBCBDA228E}.Debug|Any CPU.Build.0 = Debug|Any CPU
		{EB9ABB89-7B1C-8D19-8CA9-92FBCBDA228E}.Release|Any CPU.ActiveCfg = Release|Any CPU
		{EB9ABB89-7B1C-8D19-8CA9-92FBCBDA228E}.Release|Any CPU.Build.0 = Release|Any CPU
		{44957378-2506-5B92-5267-4C71A7815E90}.Debug|Any CPU.ActiveCfg = Debug|Any CPU
		{44957378-2506-5B92-5267-4C71A7815E90}.Debug|Any CPU.Build.0 = Debug|Any CPU
		{44957378-2506-5B92-5267-4C71A7815E90}.Release|Any CPU.ActiveCfg = Release|Any CPU
		{44957378-2506-5B92-5267-4C71A7815E90}.Release|Any CPU.Build.0 = Release|Any CPU
		{5C258912-3665-7EAD-4D67-1823EBE318EF}.Debug|Any CPU.ActiveCfg = Debug|Any CPU
		{5C258912-3665-7EAD-4D67-1823EBE318EF}.Debug|Any CPU.Build.0 = Debug|Any CPU
		{5C258912-3665-7EAD-4D67-1823EBE318EF}.Release|Any CPU.ActiveCfg = Release|Any CPU
		{5C258912-3665-7EAD-4D67-1823EBE318EF}.Release|Any CPU.Build.0 = Release|Any CPU
	EndGlobalSection
	GlobalSection(SolutionProperties) = preSolution
		HideSolutionNode = FALSE
	EndGlobalSection
																												GlobalSection(MonoDevelopProperties) = preSolution
		StartupItem = Assembly-CSharp.csproj
		Policies = $0
		$0.TextStylePolicy = $1
		$1.inheritsSet = null
		$1.scope = text/x-csharp
		$0.CSharpFormattingPolicy = $2
		$2.inheritsSet = Mono
		$2.inheritsScope = text/x-csharp
		$2.scope = text/x-csharp
		$0.TextStylePolicy = $3
		$3.FileWidth = 120
		$3.TabWidth = 4
		$3.EolMarker = Unix
		$3.inheritsSet = Mono
		$3.inheritsScope = text/plain
		$3.scope = text/plain
	EndGlobalSection

EndGlobal
